
Microsoft Visual Studio Solution File, Format Version 12.00
# Visual Studio Version 17
VisualStudioVersion = 17.5.33530.505
MinimumVisualStudioVersion = 10.0.40219.1
Project("{FAE04EC0-301F-11D3-BF4B-00C04F79EFBC}") = "Lab5", "Lab5\Lab5.csproj", "{8E9B657E-9BAF-4CFD-BAEC-BB208BFB3CCC}"
EndProject
Global
	GlobalSection(SolutionConfigurationPlatforms) = preSolution
		Debug|Any CPU = Debug|Any CPU
		Release|Any CPU = Release|Any CPU
	EndGlobalSection
	GlobalSection(ProjectConfigurationPlatforms) = postSolution
		{8E9B657E-9BAF-4CFD-BAEC-BB208BFB3CCC}.Debug|Any CPU.ActiveCfg = Debug|Any CPU
		{8E9B657E-9BAF-4CFD-BAEC-BB208BFB3CCC}.Debug|Any CPU.Build.0 = Debug|Any CPU
		{8E9B657E-9BAF-4CFD-BAEC-BB208BFB3CCC}.Release|Any CPU.ActiveCfg = Release|Any CPU
		{8E9B657E-9BAF-4CFD-BAEC-BB208BFB3CCC}.Release|Any CPU.Build.0 = Release|Any CPU
	EndGlobalSection
	GlobalSection(SolutionProperties) = preSolution
		HideSolutionNode = FALSE
	EndGlobalSection
	GlobalSection(ExtensibilityGlobals) = postSolution
		SolutionGuid = {B1001200-31F8-459F-81AB-4738D6C0932B}
	EndGlobalSection
EndGlobal
